
Microsoft Visual Studio Solution File, Format Version 12.00
# Visual Studio Version 17
VisualStudioVersion = 17.13.35931.197 d17.13
MinimumVisualStudioVersion = 10.0.40219.1
Project("{FAE04EC0-301F-11D3-BF4B-00C04F79EFBC}") = "DotnetCrudApi", "DotnetCrudApi.csproj", "{CA69A62D-7DFD-6B26-D1FF-DF915804E54E}"
EndProject
Global
	GlobalSection(SolutionConfigurationPlatforms) = preSolution
		Debug|Any CPU = Debug|Any CPU
		Release|Any CPU = Release|Any CPU
	EndGlobalSection
	GlobalSection(ProjectConfigurationPlatforms) = postSolution
		{CA69A62D-7DFD-6B26-D1FF-DF915804E54E}.Debug|Any CPU.ActiveCfg = Debug|Any CPU
		{CA69A62D-7DFD-6B26-D1FF-DF915804E54E}.Debug|Any CPU.Build.0 = Debug|Any CPU
		{CA69A62D-7DFD-6B26-D1FF-DF915804E54E}.Release|Any CPU.ActiveCfg = Release|Any CPU
		{CA69A62D-7DFD-6B26-D1FF-DF915804E54E}.Release|Any CPU.Build.0 = Release|Any CPU
	EndGlobalSection
	GlobalSection(SolutionProperties) = preSolution
		HideSolutionNode = FALSE
	EndGlobalSection
	GlobalSection(ExtensibilityGlobals) = postSolution
		SolutionGuid = {0A591A49-2E90-4736-8291-8F1F4859BA85}
	EndGlobalSection
EndGlobal
